
Microsoft Visual Studio Solution File, Format Version 12.00
# Visual Studio Version 16
VisualStudioVersion = 16.0.30320.27
MinimumVisualStudioVersion = 10.0.40219.1
Project("{FAE04EC0-301F-11D3-BF4B-00C04F79EFBC}") = "CheckinClient", "CheckinClient.csproj", "{ED157BE8-7C1E-4FED-8B79-88A8722FE994}"
EndProject
Global
	GlobalSection(SolutionConfigurationPlatforms) = preSolution
		CD_ROM|Any CPU = CD_ROM|Any CPU
		Debug|Any CPU = Debug|Any CPU
		DVD-5|Any CPU = DVD-5|Any CPU
		Release|Any CPU = Release|Any CPU
		SingleImage|Any CPU = SingleImage|Any CPU
	EndGlobalSection
	GlobalSection(ProjectConfigurationPlatforms) = postSolution
		{ED157BE8-7C1E-4FED-8B79-88A8722FE994}.CD_ROM|Any CPU.ActiveCfg = Release|Any CPU
		{ED157BE8-7C1E-4FED-8B79-88A8722FE994}.CD_ROM|Any CPU.Build.0 = Release|Any CPU
		{ED157BE8-7C1E-4FED-8B79-88A8722FE994}.Debug|Any CPU.ActiveCfg = Debug|Any CPU
		{ED157BE8-7C1E-4FED-8B79-88A8722FE994}.Debug|Any CPU.Build.0 = Debug|Any CPU
		{ED157BE8-7C1E-4FED-8B79-88A8722FE994}.DVD-5|Any CPU.ActiveCfg = Debug|Any CPU
		{ED157BE8-7C1E-4FED-8B79-88A8722FE994}.DVD-5|Any CPU.Build.0 = Debug|Any CPU
		{ED157BE8-7C1E-4FED-8B79-88A8722FE994}.Release|Any CPU.ActiveCfg = Release|Any CPU
		{ED157BE8-7C1E-4FED-8B79-88A8722FE994}.Release|Any CPU.Build.0 = Release|Any CPU
		{ED157BE8-7C1E-4FED-8B79-88A8722FE994}.SingleImage|Any CPU.ActiveCfg = Release|Any CPU
		{ED157BE8-7C1E-4FED-8B79-88A8722FE994}.SingleImage|Any CPU.Build.0 = Release|Any CPU
	EndGlobalSection
	GlobalSection(SolutionProperties) = preSolution
		HideSolutionNode = FALSE
	EndGlobalSection
	GlobalSection(ExtensibilityGlobals) = postSolution
		SolutionGuid = {EEF7B824-0C54-446D-A761-184ED699E34D}
	EndGlobalSection
EndGlobal
